// !$*UTF8*$!
{
	archiveVersion = 1;
	classes = {
	};
	objectVersion = 56;
	objects = {

/* Begin PBXBuildFile section */
		9223A16C2BE3C9C800E46D28 /* LandmarksApp.swift in Sources */ = {isa = PBXBuildFile; fileRef = 9223A16B2BE3C9C800E46D28 /* LandmarksApp.swift */; };
		9223A1702BE3C9C900E46D28 /* Assets.xcassets in Resources */ = {isa = PBXBuildFile; fileRef = 9223A16F2BE3C9C900E46D28 /* Assets.xcassets */; };
		9223A1732BE3C9C900E46D28 /* Preview Assets.xcassets in Resources */ = {isa = PBXBuildFile; fileRef = 9223A1722BE3C9C900E46D28 /* Preview Assets.xcassets */; };
		9223A17D2BE3C9C900E46D28 /* LandmarksTests.swift in Sources */ = {isa = PBXBuildFile; fileRef = 9223A17C2BE3C9C900E46D28 /* LandmarksTests.swift */; };
		9223A1872BE3C9C900E46D28 /* LandmarksUITests.swift in Sources */ = {isa = PBXBuildFile; fileRef = 9223A1862BE3C9C900E46D28 /* LandmarksUITests.swift */; };
		9223A1892BE3C9C900E46D28 /* LandmarksUITestsLaunchTests.swift in Sources */ = {isa = PBXBuildFile; fileRef = 9223A1882BE3C9C900E46D28 /* LandmarksUITestsLaunchTests.swift */; };
		9223A1C22BE3FB5A00E46D28 /* landmarkData.json in Resources */ = {isa = PBXBuildFile; fileRef = 9223A1C12BE3FB5A00E46D28 /* landmarkData.json */; };
		9223A1C52BE3FB7600E46D28 /* Landmark.swift in Sources */ = {isa = PBXBuildFile; fileRef = 9223A1C42BE3FB7600E46D28 /* Landmark.swift */; };
		9223A1C82BE3FB9D00E46D28 /* ModelData.swift in Sources */ = {isa = PBXBuildFile; fileRef = 9223A1C72BE3FB9D00E46D28 /* ModelData.swift */; };
		9223A1D32BE3FBD300E46D28 /* LandmarkList.swift in Sources */ = {isa = PBXBuildFile; fileRef = 9223A1CB2BE3FBD300E46D28 /* LandmarkList.swift */; };
		9223A1D42BE3FBD300E46D28 /* LandmarkDetail.swift in Sources */ = {isa = PBXBuildFile; fileRef = 9223A1CC2BE3FBD300E46D28 /* LandmarkDetail.swift */; };
		9223A1D52BE3FBD300E46D28 /* LandmarkRow.swift in Sources */ = {isa = PBXBuildFile; fileRef = 9223A1CD2BE3FBD300E46D28 /* LandmarkRow.swift */; };
		9223A1D62BE3FBD300E46D28 /* ContentView.swift in Sources */ = {isa = PBXBuildFile; fileRef = 9223A1CE2BE3FBD300E46D28 /* ContentView.swift */; };
		9223A1D72BE3FBD300E46D28 /* MapView.swift in Sources */ = {isa = PBXBuildFile; fileRef = 9223A1D02BE3FBD300E46D28 /* MapView.swift */; };
		9223A1D82BE3FBD300E46D28 /* CircleImage.swift in Sources */ = {isa = PBXBuildFile; fileRef = 9223A1D12BE3FBD300E46D28 /* CircleImage.swift */; };
		9223A1D92BE3FBD300E46D28 /* FavoriteButton.swift in Sources */ = {isa = PBXBuildFile; fileRef = 9223A1D22BE3FBD300E46D28 /* FavoriteButton.swift */; };
		9223A1DB2BE3FC5C00E46D28 /* HexagonParameters.swift in Sources */ = {isa = PBXBuildFile; fileRef = 9223A1DA2BE3FC5C00E46D28 /* HexagonParameters.swift */; };
		9223A1DD2BE3FCEE00E46D28 /* BadgeBackground.swift in Sources */ = {isa = PBXBuildFile; fileRef = 9223A1DC2BE3FCEE00E46D28 /* BadgeBackground.swift */; };
		9223A1DF2BE3FF1A00E46D28 /* BadgeSymbol.swift in Sources */ = {isa = PBXBuildFile; fileRef = 9223A1DE2BE3FF1A00E46D28 /* BadgeSymbol.swift */; };
		9223A1E12BE3FFAB00E46D28 /* RotatedBadgeSymbol.swift in Sources */ = {isa = PBXBuildFile; fileRef = 9223A1E02BE3FFAB00E46D28 /* RotatedBadgeSymbol.swift */; };
		9223A1E32BE4001700E46D28 /* Badge.swift in Sources */ = {isa = PBXBuildFile; fileRef = 9223A1E22BE4001700E46D28 /* Badge.swift */; };
		9223A1E62BE42C2500E46D28 /* hikeData.json in Resources */ = {isa = PBXBuildFile; fileRef = 9223A1E52BE42C2500E46D28 /* hikeData.json */; };
		9223A1E82BE42D0D00E46D28 /* Hike.swift in Sources */ = {isa = PBXBuildFile; fileRef = 9223A1E72BE42D0D00E46D28 /* Hike.swift */; };
		9223A1EE2BE42E2D00E46D28 /* GraphCapsule.swift in Sources */ = {isa = PBXBuildFile; fileRef = 9223A1EA2BE42E2D00E46D28 /* GraphCapsule.swift */; };
		9223A1EF2BE42E2D00E46D28 /* HikeGraph.swift in Sources */ = {isa = PBXBuildFile; fileRef = 9223A1EB2BE42E2D00E46D28 /* HikeGraph.swift */; };
		9223A1F02BE42E2D00E46D28 /* HikeDetail.swift in Sources */ = {isa = PBXBuildFile; fileRef = 9223A1EC2BE42E2D00E46D28 /* HikeDetail.swift */; };
		9223A1F12BE42E2D00E46D28 /* HikeView.swift in Sources */ = {isa = PBXBuildFile; fileRef = 9223A1ED2BE42E2D00E46D28 /* HikeView.swift */; };
		9223A1F42BE4327600E46D28 /* CategoryHome.swift in Sources */ = {isa = PBXBuildFile; fileRef = 9223A1F32BE4327600E46D28 /* CategoryHome.swift */; };
		9223A1F62BE4347600E46D28 /* CategoryRow.swift in Sources */ = {isa = PBXBuildFile; fileRef = 9223A1F52BE4347600E46D28 /* CategoryRow.swift */; };
		9223A1F82BE4360F00E46D28 /* CategoryItem.swift in Sources */ = {isa = PBXBuildFile; fileRef = 9223A1F72BE4360F00E46D28 /* CategoryItem.swift */; };
		9223A1FA2BE43CBD00E46D28 /* Profile.swift in Sources */ = {isa = PBXBuildFile; fileRef = 9223A1F92BE43CBD00E46D28 /* Profile.swift */; };
		9223A1FD2BE43D5500E46D28 /* ProfileHost.swift in Sources */ = {isa = PBXBuildFile; fileRef = 9223A1FC2BE43D5500E46D28 /* ProfileHost.swift */; };
		9223A1FF2BE43E2300E46D28 /* ProfileSummary.swift in Sources */ = {isa = PBXBuildFile; fileRef = 9223A1FE2BE43E2300E46D28 /* ProfileSummary.swift */; };
		9223A2012BE43F3400E46D28 /* HikeBadge.swift in Sources */ = {isa = PBXBuildFile; fileRef = 9223A2002BE43F3400E46D28 /* HikeBadge.swift */; };
		925F75F22BE451690048DB93 /* NotificationView.swift in Sources */ = {isa = PBXBuildFile; fileRef = 925F75F12BE451690048DB93 /* NotificationView.swift */; };
		925F75F42BE452130048DB93 /* NotificationController.swift in Sources */ = {isa = PBXBuildFile; fileRef = 925F75F32BE452130048DB93 /* NotificationController.swift */; };
		926032372BE4442400500609 /* ProfileEditor.swift in Sources */ = {isa = PBXBuildFile; fileRef = 926032362BE4442400500609 /* ProfileEditor.swift */; };
		9260323A2BE4464400500609 /* PageViewController.swift in Sources */ = {isa = PBXBuildFile; fileRef = 926032392BE4464400500609 /* PageViewController.swift */; };
		9260323C2BE4478500500609 /* FeatureCard.swift in Sources */ = {isa = PBXBuildFile; fileRef = 9260323B2BE4478500500609 /* FeatureCard.swift */; };
		9260323E2BE4481B00500609 /* PageView.swift in Sources */ = {isa = PBXBuildFile; fileRef = 9260323D2BE4481B00500609 /* PageView.swift */; };
		926032402BE44BE600500609 /* PageControl.swift in Sources */ = {isa = PBXBuildFile; fileRef = 9260323F2BE44BE600500609 /* PageControl.swift */; };
		9260324A2BE44D0A00500609 /* ContentView.swift in Sources */ = {isa = PBXBuildFile; fileRef = 926032492BE44D0A00500609 /* ContentView.swift */; };
		9260324C2BE44D0B00500609 /* Assets.xcassets in Resources */ = {isa = PBXBuildFile; fileRef = 9260324B2BE44D0B00500609 /* Assets.xcassets */; };
		9260324F2BE44D0B00500609 /* Preview Assets.xcassets in Resources */ = {isa = PBXBuildFile; fileRef = 9260324E2BE44D0B00500609 /* Preview Assets.xcassets */; };
		926032522BE44D0B00500609 /* WatchLandmarks Watch App.app in Embed Watch Content */ = {isa = PBXBuildFile; fileRef = 926032452BE44D0A00500609 /* WatchLandmarks Watch App.app */; settings = {ATTRIBUTES = (RemoveHeadersOnCopy, ); }; };
		926032572BE44DF500500609 /* MapView.swift in Sources */ = {isa = PBXBuildFile; fileRef = 9223A1D02BE3FBD300E46D28 /* MapView.swift */; };
		926032582BE44DF500500609 /* Profile.swift in Sources */ = {isa = PBXBuildFile; fileRef = 9223A1F92BE43CBD00E46D28 /* Profile.swift */; };
		926032592BE44DF500500609 /* LandmarkRow.swift in Sources */ = {isa = PBXBuildFile; fileRef = 9223A1CD2BE3FBD300E46D28 /* LandmarkRow.swift */; };
		9260325A2BE44DF500500609 /* LandmarkList.swift in Sources */ = {isa = PBXBuildFile; fileRef = 9223A1CB2BE3FBD300E46D28 /* LandmarkList.swift */; };
		9260325B2BE44DF500500609 /* LandmarksApp.swift in Sources */ = {isa = PBXBuildFile; fileRef = 9223A16B2BE3C9C800E46D28 /* LandmarksApp.swift */; };
		9260325C2BE44DF500500609 /* Landmark.swift in Sources */ = {isa = PBXBuildFile; fileRef = 9223A1C42BE3FB7600E46D28 /* Landmark.swift */; };
		9260325D2BE44DF500500609 /* CircleImage.swift in Sources */ = {isa = PBXBuildFile; fileRef = 9223A1D12BE3FBD300E46D28 /* CircleImage.swift */; };
		9260325E2BE44DF500500609 /* ModelData.swift in Sources */ = {isa = PBXBuildFile; fileRef = 9223A1C72BE3FB9D00E46D28 /* ModelData.swift */; };
		9260325F2BE44DF500500609 /* Hike.swift in Sources */ = {isa = PBXBuildFile; fileRef = 9223A1E72BE42D0D00E46D28 /* Hike.swift */; };
		926032602BE44DF500500609 /* Assets.xcassets in Resources */ = {isa = PBXBuildFile; fileRef = 9223A16F2BE3C9C900E46D28 /* Assets.xcassets */; };
		926032682BE44F5300500609 /* LandmarkDetail.swift in Sources */ = {isa = PBXBuildFile; fileRef = 926032672BE44F5300500609 /* LandmarkDetail.swift */; };
		926032692BE4503200500609 /* hikeData.json in Resources */ = {isa = PBXBuildFile; fileRef = 9223A1E52BE42C2500E46D28 /* hikeData.json */; };
		9260326A2BE4503200500609 /* landmarkData.json in Resources */ = {isa = PBXBuildFile; fileRef = 9223A1C12BE3FB5A00E46D28 /* landmarkData.json */; };
/* End PBXBuildFile section */

/* Begin PBXContainerItemProxy section */
		9223A1792BE3C9C900E46D28 /* PBXContainerItemProxy */ = {
			isa = PBXContainerItemProxy;
			containerPortal = 9223A1602BE3C9C800E46D28 /* Project object */;
			proxyType = 1;
			remoteGlobalIDString = 9223A1672BE3C9C800E46D28;
			remoteInfo = Landmarks;
		};
		9223A1832BE3C9C900E46D28 /* PBXContainerItemProxy */ = {
			isa = PBXContainerItemProxy;
			containerPortal = 9223A1602BE3C9C800E46D28 /* Project object */;
			proxyType = 1;
			remoteGlobalIDString = 9223A1672BE3C9C800E46D28;
			remoteInfo = Landmarks;
		};
		926032502BE44D0B00500609 /* PBXContainerItemProxy */ = {
			isa = PBXContainerItemProxy;
			containerPortal = 9223A1602BE3C9C800E46D28 /* Project object */;
			proxyType = 1;
			remoteGlobalIDString = 926032442BE44D0A00500609;
			remoteInfo = "WatchLandmarks Watch App";
		};
/* End PBXContainerItemProxy section */

/* Begin PBXCopyFilesBuildPhase section */
		926032562BE44D0B00500609 /* Embed Watch Content */ = {
			isa = PBXCopyFilesBuildPhase;
			buildActionMask = 2147483647;
			dstPath = "$(CONTENTS_FOLDER_PATH)/Watch";
			dstSubfolderSpec = 16;
			files = (
				926032522BE44D0B00500609 /* WatchLandmarks Watch App.app in Embed Watch Content */,
			);
			name = "Embed Watch Content";
			runOnlyForDeploymentPostprocessing = 0;
		};
/* End PBXCopyFilesBuildPhase section */

/* Begin PBXFileReference section */
		9223A1682BE3C9C800E46D28 /* Landmarks.app */ = {isa = PBXFileReference; explicitFileType = wrapper.application; includeInIndex = 0; path = Landmarks.app; sourceTree = BUILT_PRODUCTS_DIR; };
		9223A16B2BE3C9C800E46D28 /* LandmarksApp.swift */ = {isa = PBXFileReference; lastKnownFileType = sourcecode.swift; path = LandmarksApp.swift; sourceTree = "<group>"; };
		9223A16F2BE3C9C900E46D28 /* Assets.xcassets */ = {isa = PBXFileReference; lastKnownFileType = folder.assetcatalog; path = Assets.xcassets; sourceTree = "<group>"; };
		9223A1722BE3C9C900E46D28 /* Preview Assets.xcassets */ = {isa = PBXFileReference; lastKnownFileType = folder.assetcatalog; path = "Preview Assets.xcassets"; sourceTree = "<group>"; };
		9223A1782BE3C9C900E46D28 /* LandmarksTests.xctest */ = {isa = PBXFileReference; explicitFileType = wrapper.cfbundle; includeInIndex = 0; path = LandmarksTests.xctest; sourceTree = BUILT_PRODUCTS_DIR; };
		9223A17C2BE3C9C900E46D28 /* LandmarksTests.swift */ = {isa = PBXFileReference; lastKnownFileType = sourcecode.swift; path = LandmarksTests.swift; sourceTree = "<group>"; };
		9223A1822BE3C9C900E46D28 /* LandmarksUITests.xctest */ = {isa = PBXFileReference; explicitFileType = wrapper.cfbundle; includeInIndex = 0; path = LandmarksUITests.xctest; sourceTree = BUILT_PRODUCTS_DIR; };
		9223A1862BE3C9C900E46D28 /* LandmarksUITests.swift */ = {isa = PBXFileReference; lastKnownFileType = sourcecode.swift; path = LandmarksUITests.swift; sourceTree = "<group>"; };
		9223A1882BE3C9C900E46D28 /* LandmarksUITestsLaunchTests.swift */ = {isa = PBXFileReference; lastKnownFileType = sourcecode.swift; path = LandmarksUITestsLaunchTests.swift; sourceTree = "<group>"; };
		9223A1C12BE3FB5A00E46D28 /* landmarkData.json */ = {isa = PBXFileReference; fileEncoding = 4; lastKnownFileType = text.json; path = landmarkData.json; sourceTree = "<group>"; };
		9223A1C42BE3FB7600E46D28 /* Landmark.swift */ = {isa = PBXFileReference; lastKnownFileType = sourcecode.swift; path = Landmark.swift; sourceTree = "<group>"; };
		9223A1C72BE3FB9D00E46D28 /* ModelData.swift */ = {isa = PBXFileReference; lastKnownFileType = sourcecode.swift; path = ModelData.swift; sourceTree = "<group>"; };
		9223A1CB2BE3FBD300E46D28 /* LandmarkList.swift */ = {isa = PBXFileReference; fileEncoding = 4; lastKnownFileType = sourcecode.swift; path = LandmarkList.swift; sourceTree = "<group>"; };
		9223A1CC2BE3FBD300E46D28 /* LandmarkDetail.swift */ = {isa = PBXFileReference; fileEncoding = 4; lastKnownFileType = sourcecode.swift; path = LandmarkDetail.swift; sourceTree = "<group>"; };
		9223A1CD2BE3FBD300E46D28 /* LandmarkRow.swift */ = {isa = PBXFileReference; fileEncoding = 4; lastKnownFileType = sourcecode.swift; path = LandmarkRow.swift; sourceTree = "<group>"; };
		9223A1CE2BE3FBD300E46D28 /* ContentView.swift */ = {isa = PBXFileReference; fileEncoding = 4; lastKnownFileType = sourcecode.swift; path = ContentView.swift; sourceTree = "<group>"; };
		9223A1D02BE3FBD300E46D28 /* MapView.swift */ = {isa = PBXFileReference; fileEncoding = 4; lastKnownFileType = sourcecode.swift; path = MapView.swift; sourceTree = "<group>"; };
		9223A1D12BE3FBD300E46D28 /* CircleImage.swift */ = {isa = PBXFileReference; fileEncoding = 4; lastKnownFileType = sourcecode.swift; path = CircleImage.swift; sourceTree = "<group>"; };
		9223A1D22BE3FBD300E46D28 /* FavoriteButton.swift */ = {isa = PBXFileReference; fileEncoding = 4; lastKnownFileType = sourcecode.swift; path = FavoriteButton.swift; sourceTree = "<group>"; };
		9223A1DA2BE3FC5C00E46D28 /* HexagonParameters.swift */ = {isa = PBXFileReference; lastKnownFileType = sourcecode.swift; path = HexagonParameters.swift; sourceTree = "<group>"; };
		9223A1DC2BE3FCEE00E46D28 /* BadgeBackground.swift */ = {isa = PBXFileReference; lastKnownFileType = sourcecode.swift; path = BadgeBackground.swift; sourceTree = "<group>"; };
		9223A1DE2BE3FF1A00E46D28 /* BadgeSymbol.swift */ = {isa = PBXFileReference; lastKnownFileType = sourcecode.swift; path = BadgeSymbol.swift; sourceTree = "<group>"; };
		9223A1E02BE3FFAB00E46D28 /* RotatedBadgeSymbol.swift */ = {isa = PBXFileReference; lastKnownFileType = sourcecode.swift; path = RotatedBadgeSymbol.swift; sourceTree = "<group>"; };
		9223A1E22BE4001700E46D28 /* Badge.swift */ = {isa = PBXFileReference; lastKnownFileType = sourcecode.swift; path = Badge.swift; sourceTree = "<group>"; };
		9223A1E52BE42C2500E46D28 /* hikeData.json */ = {isa = PBXFileReference; fileEncoding = 4; lastKnownFileType = text.json; path = hikeData.json; sourceTree = "<group>"; };
		9223A1E72BE42D0D00E46D28 /* Hike.swift */ = {isa = PBXFileReference; lastKnownFileType = sourcecode.swift; path = Hike.swift; sourceTree = "<group>"; };
		9223A1EA2BE42E2D00E46D28 /* GraphCapsule.swift */ = {isa = PBXFileReference; fileEncoding = 4; lastKnownFileType = sourcecode.swift; path = GraphCapsule.swift; sourceTree = "<group>"; };
		9223A1EB2BE42E2D00E46D28 /* HikeGraph.swift */ = {isa = PBXFileReference; fileEncoding = 4; lastKnownFileType = sourcecode.swift; path = HikeGraph.swift; sourceTree = "<group>"; };
		9223A1EC2BE42E2D00E46D28 /* HikeDetail.swift */ = {isa = PBXFileReference; fileEncoding = 4; lastKnownFileType = sourcecode.swift; path = HikeDetail.swift; sourceTree = "<group>"; };
		9223A1ED2BE42E2D00E46D28 /* HikeView.swift */ = {isa = PBXFileReference; fileEncoding = 4; lastKnownFileType = sourcecode.swift; path = HikeView.swift; sourceTree = "<group>"; };
		9223A1F32BE4327600E46D28 /* CategoryHome.swift */ = {isa = PBXFileReference; lastKnownFileType = sourcecode.swift; path = CategoryHome.swift; sourceTree = "<group>"; };
		9223A1F52BE4347600E46D28 /* CategoryRow.swift */ = {isa = PBXFileReference; lastKnownFileType = sourcecode.swift; path = CategoryRow.swift; sourceTree = "<group>"; };
		9223A1F72BE4360F00E46D28 /* CategoryItem.swift */ = {isa = PBXFileReference; lastKnownFileType = sourcecode.swift; path = CategoryItem.swift; sourceTree = "<group>"; };
		9223A1F92BE43CBD00E46D28 /* Profile.swift */ = {isa = PBXFileReference; lastKnownFileType = sourcecode.swift; path = Profile.swift; sourceTree = "<group>"; };
		9223A1FC2BE43D5500E46D28 /* ProfileHost.swift */ = {isa = PBXFileReference; lastKnownFileType = sourcecode.swift; path = ProfileHost.swift; sourceTree = "<group>"; };
		9223A1FE2BE43E2300E46D28 /* ProfileSummary.swift */ = {isa = PBXFileReference; lastKnownFileType = sourcecode.swift; path = ProfileSummary.swift; sourceTree = "<group>"; };
		9223A2002BE43F3400E46D28 /* HikeBadge.swift */ = {isa = PBXFileReference; lastKnownFileType = sourcecode.swift; path = HikeBadge.swift; sourceTree = "<group>"; };
		925F75F12BE451690048DB93 /* NotificationView.swift */ = {isa = PBXFileReference; lastKnownFileType = sourcecode.swift; path = NotificationView.swift; sourceTree = "<group>"; };
		925F75F32BE452130048DB93 /* NotificationController.swift */ = {isa = PBXFileReference; lastKnownFileType = sourcecode.swift; path = NotificationController.swift; sourceTree = "<group>"; };
		925F75F52BE4531B0048DB93 /* PushNotificationPayload.apns */ = {isa = PBXFileReference; lastKnownFileType = text; path = PushNotificationPayload.apns; sourceTree = "<group>"; };
		926032362BE4442400500609 /* ProfileEditor.swift */ = {isa = PBXFileReference; lastKnownFileType = sourcecode.swift; path = ProfileEditor.swift; sourceTree = "<group>"; };
		926032392BE4464400500609 /* PageViewController.swift */ = {isa = PBXFileReference; lastKnownFileType = sourcecode.swift; path = PageViewController.swift; sourceTree = "<group>"; };
		9260323B2BE4478500500609 /* FeatureCard.swift */ = {isa = PBXFileReference; lastKnownFileType = sourcecode.swift; path = FeatureCard.swift; sourceTree = "<group>"; };
		9260323D2BE4481B00500609 /* PageView.swift */ = {isa = PBXFileReference; lastKnownFileType = sourcecode.swift; path = PageView.swift; sourceTree = "<group>"; };
		9260323F2BE44BE600500609 /* PageControl.swift */ = {isa = PBXFileReference; lastKnownFileType = sourcecode.swift; path = PageControl.swift; sourceTree = "<group>"; };
		926032452BE44D0A00500609 /* WatchLandmarks Watch App.app */ = {isa = PBXFileReference; explicitFileType = wrapper.application; includeInIndex = 0; path = "WatchLandmarks Watch App.app"; sourceTree = BUILT_PRODUCTS_DIR; };
		926032492BE44D0A00500609 /* ContentView.swift */ = {isa = PBXFileReference; lastKnownFileType = sourcecode.swift; path = ContentView.swift; sourceTree = "<group>"; };
		9260324B2BE44D0B00500609 /* Assets.xcassets */ = {isa = PBXFileReference; lastKnownFileType = folder.assetcatalog; path = Assets.xcassets; sourceTree = "<group>"; };
		9260324E2BE44D0B00500609 /* Preview Assets.xcassets */ = {isa = PBXFileReference; lastKnownFileType = folder.assetcatalog; path = "Preview Assets.xcassets"; sourceTree = "<group>"; };
		926032672BE44F5300500609 /* LandmarkDetail.swift */ = {isa = PBXFileReference; lastKnownFileType = sourcecode.swift; path = LandmarkDetail.swift; sourceTree = "<group>"; };
/* End PBXFileReference section */

/* Begin PBXFrameworksBuildPhase section */
		9223A1652BE3C9C800E46D28 /* Frameworks */ = {
			isa = PBXFrameworksBuildPhase;
			buildActionMask = 2147483647;
			files = (
			);
			runOnlyForDeploymentPostprocessing = 0;
		};
		9223A1752BE3C9C900E46D28 /* Frameworks */ = {
			isa = PBXFrameworksBuildPhase;
			buildActionMask = 2147483647;
			files = (
			);
			runOnlyForDeploymentPostprocessing = 0;
		};
		9223A17F2BE3C9C900E46D28 /* Frameworks */ = {
			isa = PBXFrameworksBuildPhase;
			buildActionMask = 2147483647;
			files = (
			);
			runOnlyForDeploymentPostprocessing = 0;
		};
		926032422BE44D0A00500609 /* Frameworks */ = {
			isa = PBXFrameworksBuildPhase;
			buildActionMask = 2147483647;
			files = (
			);
			runOnlyForDeploymentPostprocessing = 0;
		};
/* End PBXFrameworksBuildPhase section */

/* Begin PBXGroup section */
		9223A15F2BE3C9C800E46D28 = {
			isa = PBXGroup;
			children = (
				9223A16A2BE3C9C800E46D28 /* Landmarks */,
				9223A17B2BE3C9C900E46D28 /* LandmarksTests */,
				9223A1852BE3C9C900E46D28 /* LandmarksUITests */,
				926032462BE44D0A00500609 /* WatchLandmarks Watch App */,
				9223A1692BE3C9C800E46D28 /* Products */,
			);
			sourceTree = "<group>";
		};
		9223A1692BE3C9C800E46D28 /* Products */ = {
			isa = PBXGroup;
			children = (
				9223A1682BE3C9C800E46D28 /* Landmarks.app */,
				9223A1782BE3C9C900E46D28 /* LandmarksTests.xctest */,
				9223A1822BE3C9C900E46D28 /* LandmarksUITests.xctest */,
				926032452BE44D0A00500609 /* WatchLandmarks Watch App.app */,
			);
			name = Products;
			sourceTree = "<group>";
		};
		9223A16A2BE3C9C800E46D28 /* Landmarks */ = {
			isa = PBXGroup;
			children = (
				9223A16B2BE3C9C800E46D28 /* LandmarksApp.swift */,
				9223A1C92BE3FBD300E46D28 /* Views */,
				9223A1C32BE3FB6500E46D28 /* Model */,
				9223A1C02BE3FB3B00E46D28 /* Resources */,
				9223A16F2BE3C9C900E46D28 /* Assets.xcassets */,
				9223A1712BE3C9C900E46D28 /* Preview Content */,
			);
			path = Landmarks;
			sourceTree = "<group>";
		};
		9223A1712BE3C9C900E46D28 /* Preview Content */ = {
			isa = PBXGroup;
			children = (
				9223A1722BE3C9C900E46D28 /* Preview Assets.xcassets */,
			);
			path = "Preview Content";
			sourceTree = "<group>";
		};
		9223A17B2BE3C9C900E46D28 /* LandmarksTests */ = {
			isa = PBXGroup;
			children = (
				9223A17C2BE3C9C900E46D28 /* LandmarksTests.swift */,
			);
			path = LandmarksTests;
			sourceTree = "<group>";
		};
		9223A1852BE3C9C900E46D28 /* LandmarksUITests */ = {
			isa = PBXGroup;
			children = (
				9223A1862BE3C9C900E46D28 /* LandmarksUITests.swift */,
				9223A1882BE3C9C900E46D28 /* LandmarksUITestsLaunchTests.swift */,
			);
			path = LandmarksUITests;
			sourceTree = "<group>";
		};
		9223A1C02BE3FB3B00E46D28 /* Resources */ = {
			isa = PBXGroup;
			children = (
				9223A1E52BE42C2500E46D28 /* hikeData.json */,
				9223A1C12BE3FB5A00E46D28 /* landmarkData.json */,
			);
			path = Resources;
			sourceTree = "<group>";
		};
		9223A1C32BE3FB6500E46D28 /* Model */ = {
			isa = PBXGroup;
			children = (
				9223A1C42BE3FB7600E46D28 /* Landmark.swift */,
				9223A1C72BE3FB9D00E46D28 /* ModelData.swift */,
				9223A1E72BE42D0D00E46D28 /* Hike.swift */,
				9223A1F92BE43CBD00E46D28 /* Profile.swift */,
			);
			path = Model;
			sourceTree = "<group>";
		};
		9223A1C92BE3FBD300E46D28 /* Views */ = {
			isa = PBXGroup;
			children = (
				9223A1CE2BE3FBD300E46D28 /* ContentView.swift */,
				926032382BE4462400500609 /* PageView */,
				9223A1FB2BE43D4200E46D28 /* Profiles */,
				9223A1F22BE4326700E46D28 /* Categories */,
				9223A1E92BE42E2D00E46D28 /* Hikes */,
				9223A1E42BE400E600E46D28 /* Badges */,
				9223A1CA2BE3FBD300E46D28 /* Landmarks */,
				9223A1CF2BE3FBD300E46D28 /* Helpers */,
				9260323B2BE4478500500609 /* FeatureCard.swift */,
			);
			path = Views;
			sourceTree = "<group>";
		};
		9223A1CA2BE3FBD300E46D28 /* Landmarks */ = {
			isa = PBXGroup;
			children = (
				9223A1CB2BE3FBD300E46D28 /* LandmarkList.swift */,
				9223A1CC2BE3FBD300E46D28 /* LandmarkDetail.swift */,
				9223A1CD2BE3FBD300E46D28 /* LandmarkRow.swift */,
			);
			path = Landmarks;
			sourceTree = "<group>";
		};
		9223A1CF2BE3FBD300E46D28 /* Helpers */ = {
			isa = PBXGroup;
			children = (
				9223A1D02BE3FBD300E46D28 /* MapView.swift */,
				9223A1D12BE3FBD300E46D28 /* CircleImage.swift */,
				9223A1D22BE3FBD300E46D28 /* FavoriteButton.swift */,
			);
			path = Helpers;
			sourceTree = "<group>";
		};
		9223A1E42BE400E600E46D28 /* Badges */ = {
			isa = PBXGroup;
			children = (
				9223A1DC2BE3FCEE00E46D28 /* BadgeBackground.swift */,
				9223A1DE2BE3FF1A00E46D28 /* BadgeSymbol.swift */,
				9223A1DA2BE3FC5C00E46D28 /* HexagonParameters.swift */,
				9223A1E02BE3FFAB00E46D28 /* RotatedBadgeSymbol.swift */,
				9223A1E22BE4001700E46D28 /* Badge.swift */,
			);
			path = Badges;
			sourceTree = "<group>";
		};
		9223A1E92BE42E2D00E46D28 /* Hikes */ = {
			isa = PBXGroup;
			children = (
				9223A1EA2BE42E2D00E46D28 /* GraphCapsule.swift */,
				9223A1EB2BE42E2D00E46D28 /* HikeGraph.swift */,
				9223A1EC2BE42E2D00E46D28 /* HikeDetail.swift */,
				9223A1ED2BE42E2D00E46D28 /* HikeView.swift */,
				9223A2002BE43F3400E46D28 /* HikeBadge.swift */,
			);
			path = Hikes;
			sourceTree = "<group>";
		};
		9223A1F22BE4326700E46D28 /* Categories */ = {
			isa = PBXGroup;
			children = (
				9223A1F32BE4327600E46D28 /* CategoryHome.swift */,
				9223A1F52BE4347600E46D28 /* CategoryRow.swift */,
				9223A1F72BE4360F00E46D28 /* CategoryItem.swift */,
			);
			path = Categories;
			sourceTree = "<group>";
		};
		9223A1FB2BE43D4200E46D28 /* Profiles */ = {
			isa = PBXGroup;
			children = (
				9223A1FC2BE43D5500E46D28 /* ProfileHost.swift */,
				9223A1FE2BE43E2300E46D28 /* ProfileSummary.swift */,
				926032362BE4442400500609 /* ProfileEditor.swift */,
			);
			path = Profiles;
			sourceTree = "<group>";
		};
		926032382BE4462400500609 /* PageView */ = {
			isa = PBXGroup;
			children = (
				926032392BE4464400500609 /* PageViewController.swift */,
				9260323D2BE4481B00500609 /* PageView.swift */,
				9260323F2BE44BE600500609 /* PageControl.swift */,
			);
			path = PageView;
			sourceTree = "<group>";
		};
		926032462BE44D0A00500609 /* WatchLandmarks Watch App */ = {
			isa = PBXGroup;
			children = (
				926032492BE44D0A00500609 /* ContentView.swift */,
				9260324B2BE44D0B00500609 /* Assets.xcassets */,
				926032672BE44F5300500609 /* LandmarkDetail.swift */,
				9260324D2BE44D0B00500609 /* Preview Content */,
				925F75F12BE451690048DB93 /* NotificationView.swift */,
				925F75F32BE452130048DB93 /* NotificationController.swift */,
				925F75F52BE4531B0048DB93 /* PushNotificationPayload.apns */,
			);
			path = "WatchLandmarks Watch App";
			sourceTree = "<group>";
		};
		9260324D2BE44D0B00500609 /* Preview Content */ = {
			isa = PBXGroup;
			children = (
				9260324E2BE44D0B00500609 /* Preview Assets.xcassets */,
			);
			path = "Preview Content";
			sourceTree = "<group>";
		};
/* End PBXGroup section */

/* Begin PBXNativeTarget section */
		9223A1672BE3C9C800E46D28 /* Landmarks */ = {
			isa = PBXNativeTarget;
			buildConfigurationList = 9223A18C2BE3C9C900E46D28 /* Build configuration list for PBXNativeTarget "Landmarks" */;
			buildPhases = (
				9223A1642BE3C9C800E46D28 /* Sources */,
				9223A1652BE3C9C800E46D28 /* Frameworks */,
				9223A1662BE3C9C800E46D28 /* Resources */,
				926032562BE44D0B00500609 /* Embed Watch Content */,
			);
			buildRules = (
			);
			dependencies = (
				926032512BE44D0B00500609 /* PBXTargetDependency */,
			);
			name = Landmarks;
			productName = Landmarks;
			productReference = 9223A1682BE3C9C800E46D28 /* Landmarks.app */;
			productType = "com.apple.product-type.application";
		};
		9223A1772BE3C9C900E46D28 /* LandmarksTests */ = {
			isa = PBXNativeTarget;
			buildConfigurationList = 9223A18F2BE3C9C900E46D28 /* Build configuration list for PBXNativeTarget "LandmarksTests" */;
			buildPhases = (
				9223A1742BE3C9C900E46D28 /* Sources */,
				9223A1752BE3C9C900E46D28 /* Frameworks */,
				9223A1762BE3C9C900E46D28 /* Resources */,
			);
			buildRules = (
			);
			dependencies = (
				9223A17A2BE3C9C900E46D28 /* PBXTargetDependency */,
			);
			name = LandmarksTests;
			productName = LandmarksTests;
			productReference = 9223A1782BE3C9C900E46D28 /* LandmarksTests.xctest */;
			productType = "com.apple.product-type.bundle.unit-test";
		};
		9223A1812BE3C9C900E46D28 /* LandmarksUITests */ = {
			isa = PBXNativeTarget;
			buildConfigurationList = 9223A1922BE3C9C900E46D28 /* Build configuration list for PBXNativeTarget "LandmarksUITests" */;
			buildPhases = (
				9223A17E2BE3C9C900E46D28 /* Sources */,
				9223A17F2BE3C9C900E46D28 /* Frameworks */,
				9223A1802BE3C9C900E46D28 /* Resources */,
			);
			buildRules = (
			);
			dependencies = (
				9223A1842BE3C9C900E46D28 /* PBXTargetDependency */,
			);
			name = LandmarksUITests;
			productName = LandmarksUITests;
			productReference = 9223A1822BE3C9C900E46D28 /* LandmarksUITests.xctest */;
			productType = "com.apple.product-type.bundle.ui-testing";
		};
		926032442BE44D0A00500609 /* WatchLandmarks Watch App */ = {
			isa = PBXNativeTarget;
			buildConfigurationList = 926032532BE44D0B00500609 /* Build configuration list for PBXNativeTarget "WatchLandmarks Watch App" */;
			buildPhases = (
				926032412BE44D0A00500609 /* Sources */,
				926032422BE44D0A00500609 /* Frameworks */,
				926032432BE44D0A00500609 /* Resources */,
			);
			buildRules = (
			);
			dependencies = (
			);
			name = "WatchLandmarks Watch App";
			productName = "WatchLandmarks Watch App";
			productReference = 926032452BE44D0A00500609 /* WatchLandmarks Watch App.app */;
			productType = "com.apple.product-type.application";
		};
/* End PBXNativeTarget section */

/* Begin PBXProject section */
		9223A1602BE3C9C800E46D28 /* Project object */ = {
			isa = PBXProject;
			attributes = {
				BuildIndependentTargetsInParallel = 1;
				LastSwiftUpdateCheck = 1520;
				LastUpgradeCheck = 1520;
				TargetAttributes = {
					9223A1672BE3C9C800E46D28 = {
						CreatedOnToolsVersion = 15.2;
					};
					9223A1772BE3C9C900E46D28 = {
						CreatedOnToolsVersion = 15.2;
						TestTargetID = 9223A1672BE3C9C800E46D28;
					};
					9223A1812BE3C9C900E46D28 = {
						CreatedOnToolsVersion = 15.2;
						TestTargetID = 9223A1672BE3C9C800E46D28;
					};
					926032442BE44D0A00500609 = {
						CreatedOnToolsVersion = 15.2;
					};
				};
			};
			buildConfigurationList = 9223A1632BE3C9C800E46D28 /* Build configuration list for PBXProject "Landmarks" */;
			compatibilityVersion = "Xcode 14.0";
			developmentRegion = en;
			hasScannedForEncodings = 0;
			knownRegions = (
				en,
				Base,
			);
			mainGroup = 9223A15F2BE3C9C800E46D28;
			productRefGroup = 9223A1692BE3C9C800E46D28 /* Products */;
			projectDirPath = "";
			projectRoot = "";
			targets = (
				9223A1672BE3C9C800E46D28 /* Landmarks */,
				9223A1772BE3C9C900E46D28 /* LandmarksTests */,
				9223A1812BE3C9C900E46D28 /* LandmarksUITests */,
				926032442BE44D0A00500609 /* WatchLandmarks Watch App */,
			);
		};
/* End PBXProject section */

/* Begin PBXResourcesBuildPhase section */
		9223A1662BE3C9C800E46D28 /* Resources */ = {
			isa = PBXResourcesBuildPhase;
			buildActionMask = 2147483647;
			files = (
				9223A1E62BE42C2500E46D28 /* hikeData.json in Resources */,
				9223A1732BE3C9C900E46D28 /* Preview Assets.xcassets in Resources */,
				9223A1702BE3C9C900E46D28 /* Assets.xcassets in Resources */,
				9223A1C22BE3FB5A00E46D28 /* landmarkData.json in Resources */,
			);
			runOnlyForDeploymentPostprocessing = 0;
		};
		9223A1762BE3C9C900E46D28 /* Resources */ = {
			isa = PBXResourcesBuildPhase;
			buildActionMask = 2147483647;
			files = (
			);
			runOnlyForDeploymentPostprocessing = 0;
		};
		9223A1802BE3C9C900E46D28 /* Resources */ = {
			isa = PBXResourcesBuildPhase;
			buildActionMask = 2147483647;
			files = (
			);
			runOnlyForDeploymentPostprocessing = 0;
		};
		926032432BE44D0A00500609 /* Resources */ = {
			isa = PBXResourcesBuildPhase;
			buildActionMask = 2147483647;
			files = (
				926032692BE4503200500609 /* hikeData.json in Resources */,
				9260324F2BE44D0B00500609 /* Preview Assets.xcassets in Resources */,
				926032602BE44DF500500609 /* Assets.xcassets in Resources */,
				9260326A2BE4503200500609 /* landmarkData.json in Resources */,
				9260324C2BE44D0B00500609 /* Assets.xcassets in Resources */,
			);
			runOnlyForDeploymentPostprocessing = 0;
		};
/* End PBXResourcesBuildPhase section */

/* Begin PBXSourcesBuildPhase section */
		9223A1642BE3C9C800E46D28 /* Sources */ = {
			isa = PBXSourcesBuildPhase;
			buildActionMask = 2147483647;
			files = (
				9223A1F62BE4347600E46D28 /* CategoryRow.swift in Sources */,
				9223A1FA2BE43CBD00E46D28 /* Profile.swift in Sources */,
				9223A1C82BE3FB9D00E46D28 /* ModelData.swift in Sources */,
				9223A1F42BE4327600E46D28 /* CategoryHome.swift in Sources */,
				9260323C2BE4478500500609 /* FeatureCard.swift in Sources */,
				9223A1EF2BE42E2D00E46D28 /* HikeGraph.swift in Sources */,
				9223A1E32BE4001700E46D28 /* Badge.swift in Sources */,
				9223A1D62BE3FBD300E46D28 /* ContentView.swift in Sources */,
				9223A1EE2BE42E2D00E46D28 /* GraphCapsule.swift in Sources */,
				9223A16C2BE3C9C800E46D28 /* LandmarksApp.swift in Sources */,
				926032402BE44BE600500609 /* PageControl.swift in Sources */,
				9223A1C52BE3FB7600E46D28 /* Landmark.swift in Sources */,
				9223A1F82BE4360F00E46D28 /* CategoryItem.swift in Sources */,
				9223A1F02BE42E2D00E46D28 /* HikeDetail.swift in Sources */,
				9223A1FF2BE43E2300E46D28 /* ProfileSummary.swift in Sources */,
				9223A1DB2BE3FC5C00E46D28 /* HexagonParameters.swift in Sources */,
				9223A1FD2BE43D5500E46D28 /* ProfileHost.swift in Sources */,
				9223A1E82BE42D0D00E46D28 /* Hike.swift in Sources */,
				9223A1E12BE3FFAB00E46D28 /* RotatedBadgeSymbol.swift in Sources */,
				9260323E2BE4481B00500609 /* PageView.swift in Sources */,
				9223A1DF2BE3FF1A00E46D28 /* BadgeSymbol.swift in Sources */,
				926032372BE4442400500609 /* ProfileEditor.swift in Sources */,
				9223A1D42BE3FBD300E46D28 /* LandmarkDetail.swift in Sources */,
				9223A1F12BE42E2D00E46D28 /* HikeView.swift in Sources */,
				9223A1D52BE3FBD300E46D28 /* LandmarkRow.swift in Sources */,
				9260323A2BE4464400500609 /* PageViewController.swift in Sources */,
				9223A1DD2BE3FCEE00E46D28 /* BadgeBackground.swift in Sources */,
				9223A2012BE43F3400E46D28 /* HikeBadge.swift in Sources */,
				9223A1D72BE3FBD300E46D28 /* MapView.swift in Sources */,
				9223A1D32BE3FBD300E46D28 /* LandmarkList.swift in Sources */,
				9223A1D92BE3FBD300E46D28 /* FavoriteButton.swift in Sources */,
				9223A1D82BE3FBD300E46D28 /* CircleImage.swift in Sources */,
			);
			runOnlyForDeploymentPostprocessing = 0;
		};
		9223A1742BE3C9C900E46D28 /* Sources */ = {
			isa = PBXSourcesBuildPhase;
			buildActionMask = 2147483647;
			files = (
				9223A17D2BE3C9C900E46D28 /* LandmarksTests.swift in Sources */,
			);
			runOnlyForDeploymentPostprocessing = 0;
		};
		9223A17E2BE3C9C900E46D28 /* Sources */ = {
			isa = PBXSourcesBuildPhase;
			buildActionMask = 2147483647;
			files = (
				9223A1892BE3C9C900E46D28 /* LandmarksUITestsLaunchTests.swift in Sources */,
				9223A1872BE3C9C900E46D28 /* LandmarksUITests.swift in Sources */,
			);
			runOnlyForDeploymentPostprocessing = 0;
		};
		926032412BE44D0A00500609 /* Sources */ = {
			isa = PBXSourcesBuildPhase;
			buildActionMask = 2147483647;
			files = (
				9260325F2BE44DF500500609 /* Hike.swift in Sources */,
				9260325C2BE44DF500500609 /* Landmark.swift in Sources */,
				9260325D2BE44DF500500609 /* CircleImage.swift in Sources */,
				9260325E2BE44DF500500609 /* ModelData.swift in Sources */,
				9260324A2BE44D0A00500609 /* ContentView.swift in Sources */,
				9260325B2BE44DF500500609 /* LandmarksApp.swift in Sources */,
				926032582BE44DF500500609 /* Profile.swift in Sources */,
				926032592BE44DF500500609 /* LandmarkRow.swift in Sources */,
				926032572BE44DF500500609 /* MapView.swift in Sources */,
				925F75F42BE452130048DB93 /* NotificationController.swift in Sources */,
				9260325A2BE44DF500500609 /* LandmarkList.swift in Sources */,
				926032682BE44F5300500609 /* LandmarkDetail.swift in Sources */,
				925F75F22BE451690048DB93 /* NotificationView.swift in Sources */,
			);
			runOnlyForDeploymentPostprocessing = 0;
		};
/* End PBXSourcesBuildPhase section */

/* Begin PBXTargetDependency section */
		9223A17A2BE3C9C900E46D28 /* PBXTargetDependency */ = {
			isa = PBXTargetDependency;
			target = 9223A1672BE3C9C800E46D28 /* Landmarks */;
			targetProxy = 9223A1792BE3C9C900E46D28 /* PBXContainerItemProxy */;
		};
		9223A1842BE3C9C900E46D28 /* PBXTargetDependency */ = {
			isa = PBXTargetDependency;
			target = 9223A1672BE3C9C800E46D28 /* Landmarks */;
			targetProxy = 9223A1832BE3C9C900E46D28 /* PBXContainerItemProxy */;
		};
		926032512BE44D0B00500609 /* PBXTargetDependency */ = {
			isa = PBXTargetDependency;
			target = 926032442BE44D0A00500609 /* WatchLandmarks Watch App */;
			targetProxy = 926032502BE44D0B00500609 /* PBXContainerItemProxy */;
		};
/* End PBXTargetDependency section */

/* Begin XCBuildConfiguration section */
		9223A18A2BE3C9C900E46D28 /* Debug */ = {
			isa = XCBuildConfiguration;
			buildSettings = {
				ALWAYS_SEARCH_USER_PATHS = NO;
				ASSETCATALOG_COMPILER_GENERATE_SWIFT_ASSET_SYMBOL_EXTENSIONS = YES;
				CLANG_ANALYZER_NONNULL = YES;
				CLANG_ANALYZER_NUMBER_OBJECT_CONVERSION = YES_AGGRESSIVE;
				CLANG_CXX_LANGUAGE_STANDARD = "gnu++20";
				CLANG_ENABLE_MODULES = YES;
				CLANG_ENABLE_OBJC_ARC = YES;
				CLANG_ENABLE_OBJC_WEAK = YES;
				CLANG_WARN_BLOCK_CAPTURE_AUTORELEASING = YES;
				CLANG_WARN_BOOL_CONVERSION = YES;
				CLANG_WARN_COMMA = YES;
				CLANG_WARN_CONSTANT_CONVERSION = YES;
				CLANG_WARN_DEPRECATED_OBJC_IMPLEMENTATIONS = YES;
				CLANG_WARN_DIRECT_OBJC_ISA_USAGE = YES_ERROR;
				CLANG_WARN_DOCUMENTATION_COMMENTS = YES;
				CLANG_WARN_EMPTY_BODY = YES;
				CLANG_WARN_ENUM_CONVERSION = YES;
				CLANG_WARN_INFINITE_RECURSION = YES;
				CLANG_WARN_INT_CONVERSION = YES;
				CLANG_WARN_NON_LITERAL_NULL_CONVERSION = YES;
				CLANG_WARN_OBJC_IMPLICIT_RETAIN_SELF = YES;
				CLANG_WARN_OBJC_LITERAL_CONVERSION = YES;
				CLANG_WARN_OBJC_ROOT_CLASS = YES_ERROR;
				CLANG_WARN_QUOTED_INCLUDE_IN_FRAMEWORK_HEADER = YES;
				CLANG_WARN_RANGE_LOOP_ANALYSIS = YES;
				CLANG_WARN_STRICT_PROTOTYPES = YES;
				CLANG_WARN_SUSPICIOUS_MOVE = YES;
				CLANG_WARN_UNGUARDED_AVAILABILITY = YES_AGGRESSIVE;
				CLANG_WARN_UNREACHABLE_CODE = YES;
				CLANG_WARN__DUPLICATE_METHOD_MATCH = YES;
				COPY_PHASE_STRIP = NO;
				DEBUG_INFORMATION_FORMAT = dwarf;
				ENABLE_STRICT_OBJC_MSGSEND = YES;
				ENABLE_TESTABILITY = YES;
				ENABLE_USER_SCRIPT_SANDBOXING = YES;
				GCC_C_LANGUAGE_STANDARD = gnu17;
				GCC_DYNAMIC_NO_PIC = NO;
				GCC_NO_COMMON_BLOCKS = YES;
				GCC_OPTIMIZATION_LEVEL = 0;
				GCC_PREPROCESSOR_DEFINITIONS = (
					"DEBUG=1",
					"$(inherited)",
				);
				GCC_WARN_64_TO_32_BIT_CONVERSION = YES;
				GCC_WARN_ABOUT_RETURN_TYPE = YES_ERROR;
				GCC_WARN_UNDECLARED_SELECTOR = YES;
				GCC_WARN_UNINITIALIZED_AUTOS = YES_AGGRESSIVE;
				GCC_WARN_UNUSED_FUNCTION = YES;
				GCC_WARN_UNUSED_VARIABLE = YES;
				IPHONEOS_DEPLOYMENT_TARGET = 17.2;
				LOCALIZATION_PREFERS_STRING_CATALOGS = YES;
				MTL_ENABLE_DEBUG_INFO = INCLUDE_SOURCE;
				MTL_FAST_MATH = YES;
				ONLY_ACTIVE_ARCH = YES;
				SDKROOT = iphoneos;
				SWIFT_ACTIVE_COMPILATION_CONDITIONS = "DEBUG $(inherited)";
				SWIFT_OPTIMIZATION_LEVEL = "-Onone";
			};
			name = Debug;
		};
		9223A18B2BE3C9C900E46D28 /* Release */ = {
			isa = XCBuildConfiguration;
			buildSettings = {
				ALWAYS_SEARCH_USER_PATHS = NO;
				ASSETCATALOG_COMPILER_GENERATE_SWIFT_ASSET_SYMBOL_EXTENSIONS = YES;
				CLANG_ANALYZER_NONNULL = YES;
				CLANG_ANALYZER_NUMBER_OBJECT_CONVERSION = YES_AGGRESSIVE;
				CLANG_CXX_LANGUAGE_STANDARD = "gnu++20";
				CLANG_ENABLE_MODULES = YES;
				CLANG_ENABLE_OBJC_ARC = YES;
				CLANG_ENABLE_OBJC_WEAK = YES;
				CLANG_WARN_BLOCK_CAPTURE_AUTORELEASING = YES;
				CLANG_WARN_BOOL_CONVERSION = YES;
				CLANG_WARN_COMMA = YES;
				CLANG_WARN_CONSTANT_CONVERSION = YES;
				CLANG_WARN_DEPRECATED_OBJC_IMPLEMENTATIONS = YES;
				CLANG_WARN_DIRECT_OBJC_ISA_USAGE = YES_ERROR;
				CLANG_WARN_DOCUMENTATION_COMMENTS = YES;
				CLANG_WARN_EMPTY_BODY = YES;
				CLANG_WARN_ENUM_CONVERSION = YES;
				CLANG_WARN_INFINITE_RECURSION = YES;
				CLANG_WARN_INT_CONVERSION = YES;
				CLANG_WARN_NON_LITERAL_NULL_CONVERSION = YES;
				CLANG_WARN_OBJC_IMPLICIT_RETAIN_SELF = YES;
				CLANG_WARN_OBJC_LITERAL_CONVERSION = YES;
				CLANG_WARN_OBJC_ROOT_CLASS = YES_ERROR;
				CLANG_WARN_QUOTED_INCLUDE_IN_FRAMEWORK_HEADER = YES;
				CLANG_WARN_RANGE_LOOP_ANALYSIS = YES;
				CLANG_WARN_STRICT_PROTOTYPES = YES;
				CLANG_WARN_SUSPICIOUS_MOVE = YES;
				CLANG_WARN_UNGUARDED_AVAILABILITY = YES_AGGRESSIVE;
				CLANG_WARN_UNREACHABLE_CODE = YES;
				CLANG_WARN__DUPLICATE_METHOD_MATCH = YES;
				COPY_PHASE_STRIP = NO;
				DEBUG_INFORMATION_FORMAT = "dwarf-with-dsym";
				ENABLE_NS_ASSERTIONS = NO;
				ENABLE_STRICT_OBJC_MSGSEND = YES;
				ENABLE_USER_SCRIPT_SANDBOXING = YES;
				GCC_C_LANGUAGE_STANDARD = gnu17;
				GCC_NO_COMMON_BLOCKS = YES;
				GCC_WARN_64_TO_32_BIT_CONVERSION = YES;
				GCC_WARN_ABOUT_RETURN_TYPE = YES_ERROR;
				GCC_WARN_UNDECLARED_SELECTOR = YES;
				GCC_WARN_UNINITIALIZED_AUTOS = YES_AGGRESSIVE;
				GCC_WARN_UNUSED_FUNCTION = YES;
				GCC_WARN_UNUSED_VARIABLE = YES;
				IPHONEOS_DEPLOYMENT_TARGET = 17.2;
				LOCALIZATION_PREFERS_STRING_CATALOGS = YES;
				MTL_ENABLE_DEBUG_INFO = NO;
				MTL_FAST_MATH = YES;
				SDKROOT = iphoneos;
				SWIFT_COMPILATION_MODE = wholemodule;
				VALIDATE_PRODUCT = YES;
			};
			name = Release;
		};
		9223A18D2BE3C9C900E46D28 /* Debug */ = {
			isa = XCBuildConfiguration;
			buildSettings = {
				ALWAYS_EMBED_SWIFT_STANDARD_LIBRARIES = YES;
				ASSETCATALOG_COMPILER_APPICON_NAME = AppIcon;
				ASSETCATALOG_COMPILER_GLOBAL_ACCENT_COLOR_NAME = AccentColor;
				CODE_SIGN_STYLE = Automatic;
				CURRENT_PROJECT_VERSION = 1;
				DEVELOPMENT_ASSET_PATHS = "\"Landmarks/Preview Content\"";
				ENABLE_PREVIEWS = YES;
				GENERATE_INFOPLIST_FILE = YES;
				INFOPLIST_KEY_UIApplicationSceneManifest_Generation = YES;
				INFOPLIST_KEY_UIApplicationSupportsIndirectInputEvents = YES;
				INFOPLIST_KEY_UILaunchScreen_Generation = YES;
				INFOPLIST_KEY_UISupportedInterfaceOrientations_iPad = "UIInterfaceOrientationPortrait UIInterfaceOrientationPortraitUpsideDown UIInterfaceOrientationLandscapeLeft UIInterfaceOrientationLandscapeRight";
				INFOPLIST_KEY_UISupportedInterfaceOrientations_iPhone = "UIInterfaceOrientationPortrait UIInterfaceOrientationLandscapeLeft UIInterfaceOrientationLandscapeRight";
				LD_RUNPATH_SEARCH_PATHS = (
					"$(inherited)",
					"@executable_path/Frameworks",
				);
				MARKETING_VERSION = 1.0;
				PRODUCT_BUNDLE_IDENTIFIER = Gavin.Landmarks;
				PRODUCT_NAME = "$(TARGET_NAME)";
				SWIFT_EMIT_LOC_STRINGS = YES;
				SWIFT_VERSION = 5.0;
				TARGETED_DEVICE_FAMILY = "1,2";
			};
			name = Debug;
		};
		9223A18E2BE3C9C900E46D28 /* Release */ = {
			isa = XCBuildConfiguration;
			buildSettings = {
				ALWAYS_EMBED_SWIFT_STANDARD_LIBRARIES = YES;
				ASSETCATALOG_COMPILER_APPICON_NAME = AppIcon;
				ASSETCATALOG_COMPILER_GLOBAL_ACCENT_COLOR_NAME = AccentColor;
				CODE_SIGN_STYLE = Automatic;
				CURRENT_PROJECT_VERSION = 1;
				DEVELOPMENT_ASSET_PATHS = "\"Landmarks/Preview Content\"";
				ENABLE_PREVIEWS = YES;
				GENERATE_INFOPLIST_FILE = YES;
				INFOPLIST_KEY_UIApplicationSceneManifest_Generation = YES;
				INFOPLIST_KEY_UIApplicationSupportsIndirectInputEvents = YES;
				INFOPLIST_KEY_UILaunchScreen_Generation = YES;
				INFOPLIST_KEY_UISupportedInterfaceOrientations_iPad = "UIInterfaceOrientationPortrait UIInterfaceOrientationPortraitUpsideDown UIInterfaceOrientationLandscapeLeft UIInterfaceOrientationLandscapeRight";
				INFOPLIST_KEY_UISupportedInterfaceOrientations_iPhone = "UIInterfaceOrientationPortrait UIInterfaceOrientationLandscapeLeft UIInterfaceOrientationLandscapeRight";
				LD_RUNPATH_SEARCH_PATHS = (
					"$(inherited)",
					"@executable_path/Frameworks",
				);
				MARKETING_VERSION = 1.0;
				PRODUCT_BUNDLE_IDENTIFIER = Gavin.Landmarks;
				PRODUCT_NAME = "$(TARGET_NAME)";
				SWIFT_EMIT_LOC_STRINGS = YES;
				SWIFT_VERSION = 5.0;
				TARGETED_DEVICE_FAMILY = "1,2";
			};
			name = Release;
		};
		9223A1902BE3C9C900E46D28 /* Debug */ = {
			isa = XCBuildConfiguration;
			buildSettings = {
				ALWAYS_EMBED_SWIFT_STANDARD_LIBRARIES = YES;
				BUNDLE_LOADER = "$(TEST_HOST)";
				CODE_SIGN_STYLE = Automatic;
				CURRENT_PROJECT_VERSION = 1;
				GENERATE_INFOPLIST_FILE = YES;
				IPHONEOS_DEPLOYMENT_TARGET = 17.2;
				MARKETING_VERSION = 1.0;
				PRODUCT_BUNDLE_IDENTIFIER = Gavin.LandmarksTests;
				PRODUCT_NAME = "$(TARGET_NAME)";
				SWIFT_EMIT_LOC_STRINGS = NO;
				SWIFT_VERSION = 5.0;
				TARGETED_DEVICE_FAMILY = "1,2";
				TEST_HOST = "$(BUILT_PRODUCTS_DIR)/Landmarks.app/$(BUNDLE_EXECUTABLE_FOLDER_PATH)/Landmarks";
			};
			name = Debug;
		};
		9223A1912BE3C9C900E46D28 /* Release */ = {
			isa = XCBuildConfiguration;
			buildSettings = {
				ALWAYS_EMBED_SWIFT_STANDARD_LIBRARIES = YES;
				BUNDLE_LOADER = "$(TEST_HOST)";
				CODE_SIGN_STYLE = Automatic;
				CURRENT_PROJECT_VERSION = 1;
				GENERATE_INFOPLIST_FILE = YES;
				IPHONEOS_DEPLOYMENT_TARGET = 17.2;
				MARKETING_VERSION = 1.0;
				PRODUCT_BUNDLE_IDENTIFIER = Gavin.LandmarksTests;
				PRODUCT_NAME = "$(TARGET_NAME)";
				SWIFT_EMIT_LOC_STRINGS = NO;
				SWIFT_VERSION = 5.0;
				TARGETED_DEVICE_FAMILY = "1,2";
				TEST_HOST = "$(BUILT_PRODUCTS_DIR)/Landmarks.app/$(BUNDLE_EXECUTABLE_FOLDER_PATH)/Landmarks";
			};
			name = Release;
		};
		9223A1932BE3C9C900E46D28 /* Debug */ = {
			isa = XCBuildConfiguration;
			buildSettings = {
				ALWAYS_EMBED_SWIFT_STANDARD_LIBRARIES = YES;
				CODE_SIGN_STYLE = Automatic;
				CURRENT_PROJECT_VERSION = 1;
				GENERATE_INFOPLIST_FILE = YES;
				MARKETING_VERSION = 1.0;
				PRODUCT_BUNDLE_IDENTIFIER = Gavin.LandmarksUITests;
				PRODUCT_NAME = "$(TARGET_NAME)";
				SWIFT_EMIT_LOC_STRINGS = NO;
				SWIFT_VERSION = 5.0;
				TARGETED_DEVICE_FAMILY = "1,2";
				TEST_TARGET_NAME = Landmarks;
			};
			name = Debug;
		};
		9223A1942BE3C9C900E46D28 /* Release */ = {
			isa = XCBuildConfiguration;
			buildSettings = {
				ALWAYS_EMBED_SWIFT_STANDARD_LIBRARIES = YES;
				CODE_SIGN_STYLE = Automatic;
				CURRENT_PROJECT_VERSION = 1;
				GENERATE_INFOPLIST_FILE = YES;
				MARKETING_VERSION = 1.0;
				PRODUCT_BUNDLE_IDENTIFIER = Gavin.LandmarksUITests;
				PRODUCT_NAME = "$(TARGET_NAME)";
				SWIFT_EMIT_LOC_STRINGS = NO;
				SWIFT_VERSION = 5.0;
				TARGETED_DEVICE_FAMILY = "1,2";
				TEST_TARGET_NAME = Landmarks;
			};
			name = Release;
		};
		926032542BE44D0B00500609 /* Debug */ = {
			isa = XCBuildConfiguration;
			buildSettings = {
				ASSETCATALOG_COMPILER_APPICON_NAME = AppIcon;
				ASSETCATALOG_COMPILER_GLOBAL_ACCENT_COLOR_NAME = AccentColor;
				CODE_SIGN_STYLE = Automatic;
				CURRENT_PROJECT_VERSION = 1;
				DEVELOPMENT_ASSET_PATHS = "\"WatchLandmarks Watch App/Preview Content\"";
				ENABLE_PREVIEWS = YES;
				GENERATE_INFOPLIST_FILE = YES;
				INFOPLIST_KEY_CFBundleDisplayName = WatchLandmarks;
				INFOPLIST_KEY_UISupportedInterfaceOrientations = "UIInterfaceOrientationPortrait UIInterfaceOrientationPortraitUpsideDown";
				INFOPLIST_KEY_WKCompanionAppBundleIdentifier = Gavin.Landmarks;
				INFOPLIST_KEY_WKRunsIndependentlyOfCompanionApp = YES;
				LD_RUNPATH_SEARCH_PATHS = (
					"$(inherited)",
					"@executable_path/Frameworks",
				);
				MARKETING_VERSION = 1.0;
				PRODUCT_BUNDLE_IDENTIFIER = Gavin.Landmarks.watchkitapp;
				PRODUCT_NAME = "$(TARGET_NAME)";
				SDKROOT = watchos;
				SKIP_INSTALL = YES;
				SWIFT_EMIT_LOC_STRINGS = YES;
				SWIFT_VERSION = 5.0;
				TARGETED_DEVICE_FAMILY = 4;
				WATCHOS_DEPLOYMENT_TARGET = 10.2;
			};
			name = Debug;
		};
		926032552BE44D0B00500609 /* Release */ = {
			isa = XCBuildConfiguration;
			buildSettings = {
				ASSETCATALOG_COMPILER_APPICON_NAME = AppIcon;
				ASSETCATALOG_COMPILER_GLOBAL_ACCENT_COLOR_NAME = AccentColor;
				CODE_SIGN_STYLE = Automatic;
				CURRENT_PROJECT_VERSION = 1;
				DEVELOPMENT_ASSET_PATHS = "\"WatchLandmarks Watch App/Preview Content\"";
				ENABLE_PREVIEWS = YES;
				GENERATE_INFOPLIST_FILE = YES;
				INFOPLIST_KEY_CFBundleDisplayName = WatchLandmarks;
				INFOPLIST_KEY_UISupportedInterfaceOrientations = "UIInterfaceOrientationPortrait UIInterfaceOrientationPortraitUpsideDown";
				INFOPLIST_KEY_WKCompanionAppBundleIdentifier = Gavin.Landmarks;
				INFOPLIST_KEY_WKRunsIndependentlyOfCompanionApp = YES;
				LD_RUNPATH_SEARCH_PATHS = (
					"$(inherited)",
					"@executable_path/Frameworks",
				);
				MARKETING_VERSION = 1.0;
				PRODUCT_BUNDLE_IDENTIFIER = Gavin.Landmarks.watchkitapp;
				PRODUCT_NAME = "$(TARGET_NAME)";
				SDKROOT = watchos;
				SKIP_INSTALL = YES;
				SWIFT_EMIT_LOC_STRINGS = YES;
				SWIFT_VERSION = 5.0;
				TARGETED_DEVICE_FAMILY = 4;
				WATCHOS_DEPLOYMENT_TARGET = 10.2;
			};
			name = Release;
		};
/* End XCBuildConfiguration section */

/* Begin XCConfigurationList section */
		9223A1632BE3C9C800E46D28 /* Build configuration list for PBXProject "Landmarks" */ = {
			isa = XCConfigurationList;
			buildConfigurations = (
				9223A18A2BE3C9C900E46D28 /* Debug */,
				9223A18B2BE3C9C900E46D28 /* Release */,
			);
			defaultConfigurationIsVisible = 0;
			defaultConfigurationName = Release;
		};
		9223A18C2BE3C9C900E46D28 /* Build configuration list for PBXNativeTarget "Landmarks" */ = {
			isa = XCConfigurationList;
			buildConfigurations = (
				9223A18D2BE3C9C900E46D28 /* Debug */,
				9223A18E2BE3C9C900E46D28 /* Release */,
			);
			defaultConfigurationIsVisible = 0;
			defaultConfigurationName = Release;
		};
		9223A18F2BE3C9C900E46D28 /* Build configuration list for PBXNativeTarget "LandmarksTests" */ = {
			isa = XCConfigurationList;
			buildConfigurations = (
				9223A1902BE3C9C900E46D28 /* Debug */,
				9223A1912BE3C9C900E46D28 /* Release */,
			);
			defaultConfigurationIsVisible = 0;
			defaultConfigurationName = Release;
		};
		9223A1922BE3C9C900E46D28 /* Build configuration list for PBXNativeTarget "LandmarksUITests" */ = {
			isa = XCConfigurationList;
			buildConfigurations = (
				9223A1932BE3C9C900E46D28 /* Debug */,
				9223A1942BE3C9C900E46D28 /* Release */,
			);
			defaultConfigurationIsVisible = 0;
			defaultConfigurationName = Release;
		};
		926032532BE44D0B00500609 /* Build configuration list for PBXNativeTarget "WatchLandmarks Watch App" */ = {
			isa = XCConfigurationList;
			buildConfigurations = (
				926032542BE44D0B00500609 /* Debug */,
				926032552BE44D0B00500609 /* Release */,
			);
			defaultConfigurationIsVisible = 0;
			defaultConfigurationName = Release;
		};
/* End XCConfigurationList section */
	};
	rootObject = 9223A1602BE3C9C800E46D28 /* Project object */;
}
